{
    "_readme": [
        "This file locks the dependencies of your project to a known state",
        "Read more about it at https://getcomposer.org/doc/01-basic-usage.md#installing-dependencies",
        "This file is @generated automatically"
    ],
    "content-hash": "0aa8f5f868c4921a5e65f90cecee13b6",
    "packages": [
        {
            "name": "phptheme/core",
            "version": "dev-master",
            "source": {
                "type": "git",
                "url": "https://github.com/phptheme/core.git",
                "reference": "fe14e3ccf12117cad7191c48cd3660640169e6f4"
            },
            "dist": {
                "type": "zip",
                "url": "https://api.github.com/repos/phptheme/core/zipball/fe14e3ccf12117cad7191c48cd3660640169e6f4",
                "reference": "fe14e3ccf12117cad7191c48cd3660640169e6f4",
                "shasum": ""
            },
            "require": {
                "composer-plugin-api": "^1.0"
            },
            "type": "library",
            "autoload": {
                "psr-4": {
                    "PhpTheme\\Core\\": "",
                    "PhpTheme\\Helpers\\": "Helpers/",
                    "PhpTheme\\Html\\": "Html/"
                }
            },
            "notification-url": "https://packagist.org/downloads/",
            "license": [
                "MIT"
            ],
            "time": "2019-07-14T05:40:46+00:00"
        },
        {
            "name": "phptheme/theme-coming-soon",
            "version": "dev-master",
            "source": {
                "type": "git",
                "url": "https://github.com/phptheme/theme-coming-soon.git",
                "reference": "003e2cc5f98214bf4524216943591f969d8f141d"
            },
            "dist": {
                "type": "zip",
                "url": "https://api.github.com/repos/phptheme/theme-coming-soon/zipball/003e2cc5f98214bf4524216943591f969d8f141d",
                "reference": "003e2cc5f98214bf4524216943591f969d8f141d",
                "shasum": ""
            },
            "require": {
                "phptheme/core": "dev-master"
            },
            "type": "library",
            "autoload": {
                "psr-4": {
                    "PhpTheme\\ComingSoonTheme\\": ""
                }
            },
            "notification-url": "https://packagist.org/downloads/",
            "time": "2019-07-06T06:54:46+00:00"
        }
    ],
    "packages-dev": [],
    "aliases": [],
    "minimum-stability": "dev",
    "stability-flags": {
        "phptheme/theme-coming-soon": 20
    },
    "prefer-stable": true,
    "prefer-lowest": false,
    "platform": [],
    "platform-dev": []
}
